
Microsoft Visual Studio Solution File, Format Version 12.00
# Visual Studio Version 16
VisualStudioVersion = 16.0.29418.71
MinimumVisualStudioVersion = 10.0.40219.1
Project("{FAE04EC0-301F-11D3-BF4B-00C04F79EFBC}") = "PracticeApp", "PracticeApp\PracticeApp.csproj", "{71688D99-DBB8-49AA-B761-7952BB06F743}"
EndProject
Global
	GlobalSection(SolutionConfigurationPlatforms) = preSolution
		Debug|Any CPU = Debug|Any CPU
		Release|Any CPU = Release|Any CPU
	EndGlobalSection
	GlobalSection(ProjectConfigurationPlatforms) = postSolution
		{71688D99-DBB8-49AA-B761-7952BB06F743}.Debug|Any CPU.ActiveCfg = Debug|Any CPU
		{71688D99-DBB8-49AA-B761-7952BB06F743}.Debug|Any CPU.Build.0 = Debug|Any CPU
		{71688D99-DBB8-49AA-B761-7952BB06F743}.Release|Any CPU.ActiveCfg = Release|Any CPU
		{71688D99-DBB8-49AA-B761-7952BB06F743}.Release|Any CPU.Build.0 = Release|Any CPU
	EndGlobalSection
	GlobalSection(SolutionProperties) = preSolution
		HideSolutionNode = FALSE
	EndGlobalSection
	GlobalSection(ExtensibilityGlobals) = postSolution
		SolutionGuid = {CD8FFB68-B1A3-430F-9226-5D70ED232C51}
	EndGlobalSection
EndGlobal
